
Microsoft Visual Studio Solution File, Format Version 12.00
# Visual Studio Version 17
VisualStudioVersion = 17.2.32616.157
MinimumVisualStudioVersion = 10.0.40219.1
Project("{FAE04EC0-301F-11D3-BF4B-00C04F79EFBC}") = "Misa.Web082022.QTKD.API", "QTKD_WEB082022_API\Misa.Web082022.QTKD.API.csproj", "{70341865-C5EB-4311-B985-479EDC0874BB}"
EndProject
Project("{FAE04EC0-301F-11D3-BF4B-00C04F79EFBC}") = "Misa.Web082022.QTKD.BL", "QTKD_WEB082022_BL\Misa.Web082022.QTKD.BL.csproj", "{3B6F5F2C-3FD9-4CF4-9B97-7BA5A1943D0C}"
EndProject
Project("{FAE04EC0-301F-11D3-BF4B-00C04F79EFBC}") = "Misa.Web082022.QTKD.DL", "QTKD_WEB082022_DL\Misa.Web082022.QTKD.DL.csproj", "{812E6A5A-8F72-48F4-9349-33421352C5AD}"
EndProject
Project("{FAE04EC0-301F-11D3-BF4B-00C04F79EFBC}") = "Misa.Web082022.QTKD.Common", "QTKD_WEB082022_COMMON\Misa.Web082022.QTKD.Common.csproj", "{C78DB0AF-87B3-4758-AC95-056B5A7D8323}"
EndProject
Global
	GlobalSection(SolutionConfigurationPlatforms) = preSolution
		Debug|Any CPU = Debug|Any CPU
		Release|Any CPU = Release|Any CPU
	EndGlobalSection
	GlobalSection(ProjectConfigurationPlatforms) = postSolution
		{70341865-C5EB-4311-B985-479EDC0874BB}.Debug|Any CPU.ActiveCfg = Debug|Any CPU
		{70341865-C5EB-4311-B985-479EDC0874BB}.Debug|Any CPU.Build.0 = Debug|Any CPU
		{70341865-C5EB-4311-B985-479EDC0874BB}.Release|Any CPU.ActiveCfg = Release|Any CPU
		{70341865-C5EB-4311-B985-479EDC0874BB}.Release|Any CPU.Build.0 = Release|Any CPU
		{3B6F5F2C-3FD9-4CF4-9B97-7BA5A1943D0C}.Debug|Any CPU.ActiveCfg = Debug|Any CPU
		{3B6F5F2C-3FD9-4CF4-9B97-7BA5A1943D0C}.Debug|Any CPU.Build.0 = Debug|Any CPU
		{3B6F5F2C-3FD9-4CF4-9B97-7BA5A1943D0C}.Release|Any CPU.ActiveCfg = Release|Any CPU
		{3B6F5F2C-3FD9-4CF4-9B97-7BA5A1943D0C}.Release|Any CPU.Build.0 = Release|Any CPU
		{812E6A5A-8F72-48F4-9349-33421352C5AD}.Debug|Any CPU.ActiveCfg = Debug|Any CPU
		{812E6A5A-8F72-48F4-9349-33421352C5AD}.Debug|Any CPU.Build.0 = Debug|Any CPU
		{812E6A5A-8F72-48F4-9349-33421352C5AD}.Release|Any CPU.ActiveCfg = Release|Any CPU
		{812E6A5A-8F72-48F4-9349-33421352C5AD}.Release|Any CPU.Build.0 = Release|Any CPU
		{C78DB0AF-87B3-4758-AC95-056B5A7D8323}.Debug|Any CPU.ActiveCfg = Debug|Any CPU
		{C78DB0AF-87B3-4758-AC95-056B5A7D8323}.Debug|Any CPU.Build.0 = Debug|Any CPU
		{C78DB0AF-87B3-4758-AC95-056B5A7D8323}.Release|Any CPU.ActiveCfg = Release|Any CPU
		{C78DB0AF-87B3-4758-AC95-056B5A7D8323}.Release|Any CPU.Build.0 = Release|Any CPU
	EndGlobalSection
	GlobalSection(SolutionProperties) = preSolution
		HideSolutionNode = FALSE
	EndGlobalSection
	GlobalSection(ExtensibilityGlobals) = postSolution
		SolutionGuid = {32EF3CCD-6FE2-452F-82C5-FD47774E5B91}
	EndGlobalSection
EndGlobal
